
Microsoft Visual Studio Solution File, Format Version 12.00
# Visual Studio Version 17
VisualStudioVersion = 17.0.32014.148
MinimumVisualStudioVersion = 10.0.40219.1
Project("{FAE04EC0-301F-11D3-BF4B-00C04F79EFBC}") = "WebApplication2", "WebApplication2\WebApplication2.csproj", "{FE95845B-8D56-4EB5-8637-72316CA14196}"
EndProject
Global
	GlobalSection(SolutionConfigurationPlatforms) = preSolution
		Debug|Any CPU = Debug|Any CPU
		Release|Any CPU = Release|Any CPU
	EndGlobalSection
	GlobalSection(ProjectConfigurationPlatforms) = postSolution
		{FE95845B-8D56-4EB5-8637-72316CA14196}.Debug|Any CPU.ActiveCfg = Debug|Any CPU
		{FE95845B-8D56-4EB5-8637-72316CA14196}.Debug|Any CPU.Build.0 = Debug|Any CPU
		{FE95845B-8D56-4EB5-8637-72316CA14196}.Release|Any CPU.ActiveCfg = Release|Any CPU
		{FE95845B-8D56-4EB5-8637-72316CA14196}.Release|Any CPU.Build.0 = Release|Any CPU
	EndGlobalSection
	GlobalSection(SolutionProperties) = preSolution
		HideSolutionNode = FALSE
	EndGlobalSection
	GlobalSection(ExtensibilityGlobals) = postSolution
		SolutionGuid = {FB538631-A504-4B19-8E24-4A30C5D38B4F}
	EndGlobalSection
EndGlobal
